
Microsoft Visual Studio Solution File, Format Version 12.00
# Visual Studio Version 16
VisualStudioVersion = 16.0.30330.147
MinimumVisualStudioVersion = 10.0.40219.1
Project("{8BC9CEB8-8B4A-11D0-8D11-00A0C91BC942}") = "9d2", "9d2\9d2.vcxproj", "{5CED92C1-AF07-4275-A76B-C1FFE3CB75EB}"
EndProject
Global
	GlobalSection(SolutionConfigurationPlatforms) = preSolution
		Debug|x64 = Debug|x64
		Debug|x86 = Debug|x86
		Release|x64 = Release|x64
		Release|x86 = Release|x86
	EndGlobalSection
	GlobalSection(ProjectConfigurationPlatforms) = postSolution
		{5CED92C1-AF07-4275-A76B-C1FFE3CB75EB}.Debug|x64.ActiveCfg = Debug|x64
		{5CED92C1-AF07-4275-A76B-C1FFE3CB75EB}.Debug|x64.Build.0 = Debug|x64
		{5CED92C1-AF07-4275-A76B-C1FFE3CB75EB}.Debug|x86.ActiveCfg = Debug|Win32
		{5CED92C1-AF07-4275-A76B-C1FFE3CB75EB}.Debug|x86.Build.0 = Debug|Win32
		{5CED92C1-AF07-4275-A76B-C1FFE3CB75EB}.Release|x64.ActiveCfg = Release|x64
		{5CED92C1-AF07-4275-A76B-C1FFE3CB75EB}.Release|x64.Build.0 = Release|x64
		{5CED92C1-AF07-4275-A76B-C1FFE3CB75EB}.Release|x86.ActiveCfg = Release|Win32
		{5CED92C1-AF07-4275-A76B-C1FFE3CB75EB}.Release|x86.Build.0 = Release|Win32
	EndGlobalSection
	GlobalSection(SolutionProperties) = preSolution
		HideSolutionNode = FALSE
	EndGlobalSection
	GlobalSection(ExtensibilityGlobals) = postSolution
		SolutionGuid = {5FA9FC3A-D16F-4A64-B2DE-F9A35E21F7C2}
	EndGlobalSection
EndGlobal
