
Microsoft Visual Studio Solution File, Format Version 12.00
# Visual Studio Version 16
VisualStudioVersion = 16.0.30330.147
MinimumVisualStudioVersion = 10.0.40219.1
Project("{8BC9CEB8-8B4A-11D0-8D11-00A0C91BC942}") = "10Lab", "10Lab\10Lab.vcxproj", "{3B0A5569-C9F0-4382-B69B-182D19601A4C}"
EndProject
Global
	GlobalSection(SolutionConfigurationPlatforms) = preSolution
		Debug|x64 = Debug|x64
		Debug|x86 = Debug|x86
		Release|x64 = Release|x64
		Release|x86 = Release|x86
	EndGlobalSection
	GlobalSection(ProjectConfigurationPlatforms) = postSolution
		{3B0A5569-C9F0-4382-B69B-182D19601A4C}.Debug|x64.ActiveCfg = Debug|x64
		{3B0A5569-C9F0-4382-B69B-182D19601A4C}.Debug|x64.Build.0 = Debug|x64
		{3B0A5569-C9F0-4382-B69B-182D19601A4C}.Debug|x86.ActiveCfg = Debug|Win32
		{3B0A5569-C9F0-4382-B69B-182D19601A4C}.Debug|x86.Build.0 = Debug|Win32
		{3B0A5569-C9F0-4382-B69B-182D19601A4C}.Release|x64.ActiveCfg = Release|x64
		{3B0A5569-C9F0-4382-B69B-182D19601A4C}.Release|x64.Build.0 = Release|x64
		{3B0A5569-C9F0-4382-B69B-182D19601A4C}.Release|x86.ActiveCfg = Release|Win32
		{3B0A5569-C9F0-4382-B69B-182D19601A4C}.Release|x86.Build.0 = Release|Win32
	EndGlobalSection
	GlobalSection(SolutionProperties) = preSolution
		HideSolutionNode = FALSE
	EndGlobalSection
	GlobalSection(ExtensibilityGlobals) = postSolution
		SolutionGuid = {9F3E14C4-2D88-480E-9E75-3ECD1D66A4E1}
	EndGlobalSection
EndGlobal
