
Microsoft Visual Studio Solution File, Format Version 12.00
# Visual Studio Version 16
VisualStudioVersion = 16.0.30330.147
MinimumVisualStudioVersion = 10.0.40219.1
Project("{8BC9CEB8-8B4A-11D0-8D11-00A0C91BC942}") = "10Lab11Dop", "10Lab11Dop\10Lab11Dop.vcxproj", "{D8225395-7585-4D77-8255-6156B94A953C}"
EndProject
Global
	GlobalSection(SolutionConfigurationPlatforms) = preSolution
		Debug|x64 = Debug|x64
		Debug|x86 = Debug|x86
		Release|x64 = Release|x64
		Release|x86 = Release|x86
	EndGlobalSection
	GlobalSection(ProjectConfigurationPlatforms) = postSolution
		{D8225395-7585-4D77-8255-6156B94A953C}.Debug|x64.ActiveCfg = Debug|x64
		{D8225395-7585-4D77-8255-6156B94A953C}.Debug|x64.Build.0 = Debug|x64
		{D8225395-7585-4D77-8255-6156B94A953C}.Debug|x86.ActiveCfg = Debug|Win32
		{D8225395-7585-4D77-8255-6156B94A953C}.Debug|x86.Build.0 = Debug|Win32
		{D8225395-7585-4D77-8255-6156B94A953C}.Release|x64.ActiveCfg = Release|x64
		{D8225395-7585-4D77-8255-6156B94A953C}.Release|x64.Build.0 = Release|x64
		{D8225395-7585-4D77-8255-6156B94A953C}.Release|x86.ActiveCfg = Release|Win32
		{D8225395-7585-4D77-8255-6156B94A953C}.Release|x86.Build.0 = Release|Win32
	EndGlobalSection
	GlobalSection(SolutionProperties) = preSolution
		HideSolutionNode = FALSE
	EndGlobalSection
	GlobalSection(ExtensibilityGlobals) = postSolution
		SolutionGuid = {81B4217B-BFD8-430E-8226-9AFD9C568812}
	EndGlobalSection
EndGlobal
